
Microsoft Visual Studio Solution File, Format Version 12.00
Project("{FAE04EC0-301F-11D3-BF4B-00C04F79EFBC}") = "WordSearchSolver", "WordSearchSolver\WordSearchSolver.csproj", "{B92DE7BB-53AC-4074-BB45-F9DE26F8034D}"
EndProject
Project("{FAE04EC0-301F-11D3-BF4B-00C04F79EFBC}") = "WordSearchSolver.Tests", "WordSearchSolver.Tests\WordSearchSolver.Tests.csproj", "{A576780A-F31A-47C2-8E02-02EB83FB36DD}"
EndProject
Global
	GlobalSection(SolutionConfigurationPlatforms) = preSolution
		Debug|Any CPU = Debug|Any CPU
		Debug|x64 = Debug|x64
		Debug|x86 = Debug|x86
		Release|Any CPU = Release|Any CPU
		Release|x64 = Release|x64
		Release|x86 = Release|x86
	EndGlobalSection
	GlobalSection(ProjectConfigurationPlatforms) = postSolution
		{B92DE7BB-53AC-4074-BB45-F9DE26F8034D}.Debug|Any CPU.ActiveCfg = Debug|Any CPU
		{B92DE7BB-53AC-4074-BB45-F9DE26F8034D}.Debug|Any CPU.Build.0 = Debug|Any CPU
		{B92DE7BB-53AC-4074-BB45-F9DE26F8034D}.Debug|x64.ActiveCfg = Debug|Any CPU
		{B92DE7BB-53AC-4074-BB45-F9DE26F8034D}.Debug|x64.Build.0 = Debug|Any CPU
		{B92DE7BB-53AC-4074-BB45-F9DE26F8034D}.Debug|x86.ActiveCfg = Debug|Any CPU
		{B92DE7BB-53AC-4074-BB45-F9DE26F8034D}.Debug|x86.Build.0 = Debug|Any CPU
		{B92DE7BB-53AC-4074-BB45-F9DE26F8034D}.Release|Any CPU.ActiveCfg = Release|Any CPU
		{B92DE7BB-53AC-4074-BB45-F9DE26F8034D}.Release|Any CPU.Build.0 = Release|Any CPU
		{B92DE7BB-53AC-4074-BB45-F9DE26F8034D}.Release|x64.ActiveCfg = Release|Any CPU
		{B92DE7BB-53AC-4074-BB45-F9DE26F8034D}.Release|x64.Build.0 = Release|Any CPU
		{B92DE7BB-53AC-4074-BB45-F9DE26F8034D}.Release|x86.ActiveCfg = Release|Any CPU
		{B92DE7BB-53AC-4074-BB45-F9DE26F8034D}.Release|x86.Build.0 = Release|Any CPU
		{A576780A-F31A-47C2-8E02-02EB83FB36DD}.Debug|Any CPU.ActiveCfg = Debug|Any CPU
		{A576780A-F31A-47C2-8E02-02EB83FB36DD}.Debug|Any CPU.Build.0 = Debug|Any CPU
		{A576780A-F31A-47C2-8E02-02EB83FB36DD}.Debug|x64.ActiveCfg = Debug|Any CPU
		{A576780A-F31A-47C2-8E02-02EB83FB36DD}.Debug|x64.Build.0 = Debug|Any CPU
		{A576780A-F31A-47C2-8E02-02EB83FB36DD}.Debug|x86.ActiveCfg = Debug|Any CPU
		{A576780A-F31A-47C2-8E02-02EB83FB36DD}.Debug|x86.Build.0 = Debug|Any CPU
		{A576780A-F31A-47C2-8E02-02EB83FB36DD}.Release|Any CPU.ActiveCfg = Release|Any CPU
		{A576780A-F31A-47C2-8E02-02EB83FB36DD}.Release|Any CPU.Build.0 = Release|Any CPU
		{A576780A-F31A-47C2-8E02-02EB83FB36DD}.Release|x64.ActiveCfg = Release|Any CPU
		{A576780A-F31A-47C2-8E02-02EB83FB36DD}.Release|x64.Build.0 = Release|Any CPU
		{A576780A-F31A-47C2-8E02-02EB83FB36DD}.Release|x86.ActiveCfg = Release|Any CPU
		{A576780A-F31A-47C2-8E02-02EB83FB36DD}.Release|x86.Build.0 = Release|Any CPU
	EndGlobalSection
	GlobalSection(SolutionProperties) = preSolution
		HideSolutionNode = FALSE
	EndGlobalSection
EndGlobal
